
Microsoft Visual Studio Solution File, Format Version 12.00
# Visual Studio Version 17
VisualStudioVersion = 17.3.32901.215
MinimumVisualStudioVersion = 10.0.40219.1
Project("{FAE04EC0-301F-11D3-BF4B-00C04F79EFBC}") = "interfaces_base", "interfaces_base\interfaces_base.csproj", "{C1457982-3784-40F6-8A28-AD09CE772360}"
EndProject
Global
	GlobalSection(SolutionConfigurationPlatforms) = preSolution
		Debug|Any CPU = Debug|Any CPU
		Release|Any CPU = Release|Any CPU
	EndGlobalSection
	GlobalSection(ProjectConfigurationPlatforms) = postSolution
		{C1457982-3784-40F6-8A28-AD09CE772360}.Debug|Any CPU.ActiveCfg = Debug|Any CPU
		{C1457982-3784-40F6-8A28-AD09CE772360}.Debug|Any CPU.Build.0 = Debug|Any CPU
		{C1457982-3784-40F6-8A28-AD09CE772360}.Release|Any CPU.ActiveCfg = Release|Any CPU
		{C1457982-3784-40F6-8A28-AD09CE772360}.Release|Any CPU.Build.0 = Release|Any CPU
	EndGlobalSection
	GlobalSection(SolutionProperties) = preSolution
		HideSolutionNode = FALSE
	EndGlobalSection
	GlobalSection(ExtensibilityGlobals) = postSolution
		SolutionGuid = {6429BFDF-46C7-440D-8FB0-28948A29B527}
	EndGlobalSection
EndGlobal
